// !$*UTF8*$!
{
	archiveVersion = 1;
	classes = {
	};
	objectVersion = 50;
	objects = {

/* Begin PBXBuildFile section */
		058557BB273AAA24004C7B11 /* Assets.xcassets in Resources */ = {isa = PBXBuildFile; fileRef = 058557BA273AAA24004C7B11 /* Assets.xcassets */; };
		058557D9273AAEEB004C7B11 /* Preview Assets.xcassets in Resources */ = {isa = PBXBuildFile; fileRef = 058557D8273AAEEB004C7B11 /* Preview Assets.xcassets */; };
		2152FB042600AC8F00CF470E /* iOSApp.swift in Sources */ = {isa = PBXBuildFile; fileRef = 2152FB032600AC8F00CF470E /* iOSApp.swift */; };
		7555FF83242A565900829871 /* MainView.swift in Sources */ = {isa = PBXBuildFile; fileRef = 7555FF82242A565900829871 /* MainView.swift */; };
		CA3071FE299FF3D20036DA74 /* StringLocalized.swift in Sources */ = {isa = PBXBuildFile; fileRef = CA3071FD299FF3D20036DA74 /* StringLocalized.swift */; };
		CA307200299FF40A0036DA74 /* BookmarksScreen.swift in Sources */ = {isa = PBXBuildFile; fileRef = CA3071FF299FF4090036DA74 /* BookmarksScreen.swift */; };
		CA307202299FF45B0036DA74 /* CalendarScreen.swift in Sources */ = {isa = PBXBuildFile; fileRef = CA307201299FF45B0036DA74 /* CalendarScreen.swift */; };
		CA307204299FF5270036DA74 /* SettingsScreen.swift in Sources */ = {isa = PBXBuildFile; fileRef = CA307203299FF5270036DA74 /* SettingsScreen.swift */; };
		CA30720729A00A9F0036DA74 /* BookmarksViewModel.swift in Sources */ = {isa = PBXBuildFile; fileRef = CA30720629A00A9F0036DA74 /* BookmarksViewModel.swift */; };
		CA30720929A00BDF0036DA74 /* WallpaperViewModel.swift in Sources */ = {isa = PBXBuildFile; fileRef = CA30720829A00BDF0036DA74 /* WallpaperViewModel.swift */; };
		CA30720B29A011930036DA74 /* NotificationCenterNames.swift in Sources */ = {isa = PBXBuildFile; fileRef = CA30720A29A011930036DA74 /* NotificationCenterNames.swift */; };
		CA30720E29A0434B0036DA74 /* Tab.swift in Sources */ = {isa = PBXBuildFile; fileRef = CA30720D29A0434B0036DA74 /* Tab.swift */; };
		CA30721329A1281D0036DA74 /* Logger.swift in Sources */ = {isa = PBXBuildFile; fileRef = CA30721229A1281D0036DA74 /* Logger.swift */; };
		CA30721629A1289F0036DA74 /* WallpaperMapper.swift in Sources */ = {isa = PBXBuildFile; fileRef = CA30721529A1289F0036DA74 /* WallpaperMapper.swift */; };
		CA30722029A145BF0036DA74 /* ShareSheet.swift in Sources */ = {isa = PBXBuildFile; fileRef = CA30721F29A145BF0036DA74 /* ShareSheet.swift */; };
		CA30722229A145E90036DA74 /* ShareActivityItemSource.swift in Sources */ = {isa = PBXBuildFile; fileRef = CA30722129A145E90036DA74 /* ShareActivityItemSource.swift */; };
		CA30722529A1705F0036DA74 /* CalendarViewModel.swift in Sources */ = {isa = PBXBuildFile; fileRef = CA30722429A1705F0036DA74 /* CalendarViewModel.swift */; };
		CA7B7650299FC361006B3113 /* WallpapersScreen.swift in Sources */ = {isa = PBXBuildFile; fileRef = CA7B764F299FC361006B3113 /* WallpapersScreen.swift */; };
		CA7B7656299FC415006B3113 /* WallpaperItem.swift in Sources */ = {isa = PBXBuildFile; fileRef = CA7B7655299FC415006B3113 /* WallpaperItem.swift */; };
		CA7B7658299FC4A9006B3113 /* WallpaperDetailsView.swift in Sources */ = {isa = PBXBuildFile; fileRef = CA7B7657299FC4A9006B3113 /* WallpaperDetailsView.swift */; };
		CA7B765A299FC4B9006B3113 /* WallpaperScreen.swift in Sources */ = {isa = PBXBuildFile; fileRef = CA7B7659299FC4B9006B3113 /* WallpaperScreen.swift */; };
		CA7B765C299FC6A5006B3113 /* WallpapersViewModel.swift in Sources */ = {isa = PBXBuildFile; fileRef = CA7B765B299FC6A5006B3113 /* WallpapersViewModel.swift */; };
		CA7B765E299FC6C4006B3113 /* BaseViewModel.swift in Sources */ = {isa = PBXBuildFile; fileRef = CA7B765D299FC6C4006B3113 /* BaseViewModel.swift */; };
		CA7B7661299FC74D006B3113 /* WallpaperIdentifiable.swift in Sources */ = {isa = PBXBuildFile; fileRef = CA7B7660299FC74D006B3113 /* WallpaperIdentifiable.swift */; };
		CA7B766A299FC8C8006B3113 /* ViewModelsModule.swift in Sources */ = {isa = PBXBuildFile; fileRef = CA7B7669299FC8C8006B3113 /* ViewModelsModule.swift */; };
		CA7B766D299FDCBF006B3113 /* ColorExtension.swift in Sources */ = {isa = PBXBuildFile; fileRef = CA7B766C299FDCBF006B3113 /* ColorExtension.swift */; };
		CADEA82829A1857E00349A61 /* BaseWallpaperViewModel.swift in Sources */ = {isa = PBXBuildFile; fileRef = CADEA82729A1857E00349A61 /* BaseWallpaperViewModel.swift */; };
/* End PBXBuildFile section */

/* Begin PBXCopyFilesBuildPhase section */
		7555FFB4242A642300829871 /* Embed Frameworks */ = {
			isa = PBXCopyFilesBuildPhase;
			buildActionMask = 2147483647;
			dstPath = "";
			dstSubfolderSpec = 10;
			files = (
			);
			name = "Embed Frameworks";
			runOnlyForDeploymentPostprocessing = 0;
		};
/* End PBXCopyFilesBuildPhase section */

/* Begin PBXFileReference section */
		058557BA273AAA24004C7B11 /* Assets.xcassets */ = {isa = PBXFileReference; lastKnownFileType = folder.assetcatalog; path = Assets.xcassets; sourceTree = "<group>"; };
		058557D8273AAEEB004C7B11 /* Preview Assets.xcassets */ = {isa = PBXFileReference; lastKnownFileType = folder.assetcatalog; path = "Preview Assets.xcassets"; sourceTree = "<group>"; };
		2152FB032600AC8F00CF470E /* iOSApp.swift */ = {isa = PBXFileReference; lastKnownFileType = sourcecode.swift; path = iOSApp.swift; sourceTree = "<group>"; };
		7555FF7B242A565900829871 /* iosApp.app */ = {isa = PBXFileReference; explicitFileType = wrapper.application; includeInIndex = 0; path = iosApp.app; sourceTree = BUILT_PRODUCTS_DIR; };
		7555FF82242A565900829871 /* MainView.swift */ = {isa = PBXFileReference; lastKnownFileType = sourcecode.swift; path = MainView.swift; sourceTree = "<group>"; };
		7555FF8C242A565B00829871 /* Info.plist */ = {isa = PBXFileReference; lastKnownFileType = text.plist.xml; path = Info.plist; sourceTree = "<group>"; };
		CA3071FD299FF3D20036DA74 /* StringLocalized.swift */ = {isa = PBXFileReference; lastKnownFileType = sourcecode.swift; path = StringLocalized.swift; sourceTree = "<group>"; };
		CA3071FF299FF4090036DA74 /* BookmarksScreen.swift */ = {isa = PBXFileReference; lastKnownFileType = sourcecode.swift; path = BookmarksScreen.swift; sourceTree = "<group>"; };
		CA307201299FF45B0036DA74 /* CalendarScreen.swift */ = {isa = PBXFileReference; lastKnownFileType = sourcecode.swift; path = CalendarScreen.swift; sourceTree = "<group>"; };
		CA307203299FF5270036DA74 /* SettingsScreen.swift */ = {isa = PBXFileReference; lastKnownFileType = sourcecode.swift; path = SettingsScreen.swift; sourceTree = "<group>"; };
		CA30720629A00A9F0036DA74 /* BookmarksViewModel.swift */ = {isa = PBXFileReference; lastKnownFileType = sourcecode.swift; path = BookmarksViewModel.swift; sourceTree = "<group>"; };
		CA30720829A00BDF0036DA74 /* WallpaperViewModel.swift */ = {isa = PBXFileReference; lastKnownFileType = sourcecode.swift; path = WallpaperViewModel.swift; sourceTree = "<group>"; };
		CA30720A29A011930036DA74 /* NotificationCenterNames.swift */ = {isa = PBXFileReference; lastKnownFileType = sourcecode.swift; path = NotificationCenterNames.swift; sourceTree = "<group>"; };
		CA30720D29A0434B0036DA74 /* Tab.swift */ = {isa = PBXFileReference; lastKnownFileType = sourcecode.swift; path = Tab.swift; sourceTree = "<group>"; };
		CA30721229A1281D0036DA74 /* Logger.swift */ = {isa = PBXFileReference; lastKnownFileType = sourcecode.swift; path = Logger.swift; sourceTree = "<group>"; };
		CA30721529A1289F0036DA74 /* WallpaperMapper.swift */ = {isa = PBXFileReference; lastKnownFileType = sourcecode.swift; path = WallpaperMapper.swift; sourceTree = "<group>"; };
		CA30721F29A145BF0036DA74 /* ShareSheet.swift */ = {isa = PBXFileReference; lastKnownFileType = sourcecode.swift; path = ShareSheet.swift; sourceTree = "<group>"; };
		CA30722129A145E90036DA74 /* ShareActivityItemSource.swift */ = {isa = PBXFileReference; lastKnownFileType = sourcecode.swift; path = ShareActivityItemSource.swift; sourceTree = "<group>"; };
		CA30722429A1705F0036DA74 /* CalendarViewModel.swift */ = {isa = PBXFileReference; lastKnownFileType = sourcecode.swift; path = CalendarViewModel.swift; sourceTree = "<group>"; };
		CA7B764F299FC361006B3113 /* WallpapersScreen.swift */ = {isa = PBXFileReference; lastKnownFileType = sourcecode.swift; path = WallpapersScreen.swift; sourceTree = "<group>"; };
		CA7B7655299FC415006B3113 /* WallpaperItem.swift */ = {isa = PBXFileReference; lastKnownFileType = sourcecode.swift; path = WallpaperItem.swift; sourceTree = "<group>"; };
		CA7B7657299FC4A9006B3113 /* WallpaperDetailsView.swift */ = {isa = PBXFileReference; lastKnownFileType = sourcecode.swift; path = WallpaperDetailsView.swift; sourceTree = "<group>"; };
		CA7B7659299FC4B9006B3113 /* WallpaperScreen.swift */ = {isa = PBXFileReference; lastKnownFileType = sourcecode.swift; path = WallpaperScreen.swift; sourceTree = "<group>"; };
		CA7B765B299FC6A5006B3113 /* WallpapersViewModel.swift */ = {isa = PBXFileReference; lastKnownFileType = sourcecode.swift; path = WallpapersViewModel.swift; sourceTree = "<group>"; };
		CA7B765D299FC6C4006B3113 /* BaseViewModel.swift */ = {isa = PBXFileReference; lastKnownFileType = sourcecode.swift; path = BaseViewModel.swift; sourceTree = "<group>"; };
		CA7B7660299FC74D006B3113 /* WallpaperIdentifiable.swift */ = {isa = PBXFileReference; lastKnownFileType = sourcecode.swift; path = WallpaperIdentifiable.swift; sourceTree = "<group>"; };
		CA7B7669299FC8C8006B3113 /* ViewModelsModule.swift */ = {isa = PBXFileReference; lastKnownFileType = sourcecode.swift; path = ViewModelsModule.swift; sourceTree = "<group>"; };
		CA7B766C299FDCBF006B3113 /* ColorExtension.swift */ = {isa = PBXFileReference; lastKnownFileType = sourcecode.swift; path = ColorExtension.swift; sourceTree = "<group>"; };
		CADEA82729A1857E00349A61 /* BaseWallpaperViewModel.swift */ = {isa = PBXFileReference; lastKnownFileType = sourcecode.swift; path = BaseWallpaperViewModel.swift; sourceTree = "<group>"; };
/* End PBXFileReference section */

/* Begin PBXFrameworksBuildPhase section */
		7555FF78242A565900829871 /* Frameworks */ = {
			isa = PBXFrameworksBuildPhase;
			buildActionMask = 2147483647;
			files = (
			);
			runOnlyForDeploymentPostprocessing = 0;
		};
/* End PBXFrameworksBuildPhase section */

/* Begin PBXGroup section */
		058557D7273AAEEB004C7B11 /* Preview Content */ = {
			isa = PBXGroup;
			children = (
				058557D8273AAEEB004C7B11 /* Preview Assets.xcassets */,
			);
			path = "Preview Content";
			sourceTree = "<group>";
		};
		7555FF72242A565900829871 = {
			isa = PBXGroup;
			children = (
				7555FF7D242A565900829871 /* iosApp */,
				7555FF7C242A565900829871 /* Products */,
				7555FFB0242A642200829871 /* Frameworks */,
			);
			sourceTree = "<group>";
		};
		7555FF7C242A565900829871 /* Products */ = {
			isa = PBXGroup;
			children = (
				7555FF7B242A565900829871 /* iosApp.app */,
			);
			name = Products;
			sourceTree = "<group>";
		};
		7555FF7D242A565900829871 /* iosApp */ = {
			isa = PBXGroup;
			children = (
				CA7B766B299FDCAD006B3113 /* extensions */,
				CA7B7648299FC17D006B3113 /* core */,
				CA30721429A128890036DA74 /* domain */,
				CA7B7649299FC19C006B3113 /* presentation */,
				058557BA273AAA24004C7B11 /* Assets.xcassets */,
				7555FF82242A565900829871 /* MainView.swift */,
				7555FF8C242A565B00829871 /* Info.plist */,
				2152FB032600AC8F00CF470E /* iOSApp.swift */,
				058557D7273AAEEB004C7B11 /* Preview Content */,
			);
			path = iosApp;
			sourceTree = "<group>";
		};
		7555FFB0242A642200829871 /* Frameworks */ = {
			isa = PBXGroup;
			children = (
			);
			name = Frameworks;
			sourceTree = "<group>";
		};
		CA30720C29A0433D0036DA74 /* navigation */ = {
			isa = PBXGroup;
			children = (
				CA30720D29A0434B0036DA74 /* Tab.swift */,
			);
			path = navigation;
			sourceTree = "<group>";
		};
		CA30721029A127E20036DA74 /* utils */ = {
			isa = PBXGroup;
			children = (
				CA30721229A1281D0036DA74 /* Logger.swift */,
			);
			path = utils;
			sourceTree = "<group>";
		};
		CA30721429A128890036DA74 /* domain */ = {
			isa = PBXGroup;
			children = (
				CA30721529A1289F0036DA74 /* WallpaperMapper.swift */,
			);
			path = domain;
			sourceTree = "<group>";
		};
		CA30721E29A145B60036DA74 /* sheets */ = {
			isa = PBXGroup;
			children = (
				CA30721F29A145BF0036DA74 /* ShareSheet.swift */,
				CA30722129A145E90036DA74 /* ShareActivityItemSource.swift */,
			);
			path = sheets;
			sourceTree = "<group>";
		};
		CA7B7648299FC17D006B3113 /* core */ = {
			isa = PBXGroup;
			children = (
				CA30721029A127E20036DA74 /* utils */,
				CA7B7668299FC8BB006B3113 /* di */,
				CA30720A29A011930036DA74 /* NotificationCenterNames.swift */,
			);
			path = core;
			sourceTree = "<group>";
		};
		CA7B7649299FC19C006B3113 /* presentation */ = {
			isa = PBXGroup;
			children = (
				CA30721E29A145B60036DA74 /* sheets */,
				CA30720C29A0433D0036DA74 /* navigation */,
				CA7B765F299FC72B006B3113 /* identifiables */,
				CA7B764C299FC1D1006B3113 /* views */,
				CA7B764B299FC1C3006B3113 /* viewmodels */,
				CA7B764A299FC1B7006B3113 /* screens */,
			);
			path = presentation;
			sourceTree = "<group>";
		};
		CA7B764A299FC1B7006B3113 /* screens */ = {
			isa = PBXGroup;
			children = (
				CA7B7654299FC400006B3113 /* more */,
				CA7B7653299FC3F7006B3113 /* settings */,
				CA7B7652299FC3DE006B3113 /* calendar */,
				CA7B7651299FC3CB006B3113 /* bookmarks */,
				CA7B764E299FC34C006B3113 /* wallpapers */,
			);
			path = screens;
			sourceTree = "<group>";
		};
		CA7B764B299FC1C3006B3113 /* viewmodels */ = {
			isa = PBXGroup;
			children = (
				CA7B765D299FC6C4006B3113 /* BaseViewModel.swift */,
				CADEA82729A1857E00349A61 /* BaseWallpaperViewModel.swift */,
				CA30720829A00BDF0036DA74 /* WallpaperViewModel.swift */,
				CA7B765B299FC6A5006B3113 /* WallpapersViewModel.swift */,
				CA30720629A00A9F0036DA74 /* BookmarksViewModel.swift */,
				CA30722429A1705F0036DA74 /* CalendarViewModel.swift */,
			);
			path = viewmodels;
			sourceTree = "<group>";
		};
		CA7B764C299FC1D1006B3113 /* views */ = {
			isa = PBXGroup;
			children = (
			);
			path = views;
			sourceTree = "<group>";
		};
		CA7B764E299FC34C006B3113 /* wallpapers */ = {
			isa = PBXGroup;
			children = (
				CA7B764F299FC361006B3113 /* WallpapersScreen.swift */,
				CA7B7655299FC415006B3113 /* WallpaperItem.swift */,
				CA7B7659299FC4B9006B3113 /* WallpaperScreen.swift */,
				CA7B7657299FC4A9006B3113 /* WallpaperDetailsView.swift */,
			);
			path = wallpapers;
			sourceTree = "<group>";
		};
		CA7B7651299FC3CB006B3113 /* bookmarks */ = {
			isa = PBXGroup;
			children = (
				CA3071FF299FF4090036DA74 /* BookmarksScreen.swift */,
			);
			path = bookmarks;
			sourceTree = "<group>";
		};
		CA7B7652299FC3DE006B3113 /* calendar */ = {
			isa = PBXGroup;
			children = (
				CA307201299FF45B0036DA74 /* CalendarScreen.swift */,
			);
			path = calendar;
			sourceTree = "<group>";
		};
		CA7B7653299FC3F7006B3113 /* settings */ = {
			isa = PBXGroup;
			children = (
				CA307203299FF5270036DA74 /* SettingsScreen.swift */,
			);
			path = settings;
			sourceTree = "<group>";
		};
		CA7B7654299FC400006B3113 /* more */ = {
			isa = PBXGroup;
			children = (
			);
			path = more;
			sourceTree = "<group>";
		};
		CA7B765F299FC72B006B3113 /* identifiables */ = {
			isa = PBXGroup;
			children = (
				CA7B7660299FC74D006B3113 /* WallpaperIdentifiable.swift */,
			);
			path = identifiables;
			sourceTree = "<group>";
		};
		CA7B7668299FC8BB006B3113 /* di */ = {
			isa = PBXGroup;
			children = (
				CA7B7669299FC8C8006B3113 /* ViewModelsModule.swift */,
			);
			path = di;
			sourceTree = "<group>";
		};
		CA7B766B299FDCAD006B3113 /* extensions */ = {
			isa = PBXGroup;
			children = (
				CA7B766C299FDCBF006B3113 /* ColorExtension.swift */,
				CA3071FD299FF3D20036DA74 /* StringLocalized.swift */,
			);
			path = extensions;
			sourceTree = "<group>";
		};
/* End PBXGroup section */

/* Begin PBXNativeTarget section */
		7555FF7A242A565900829871 /* iosApp */ = {
			isa = PBXNativeTarget;
			buildConfigurationList = 7555FFA5242A565B00829871 /* Build configuration list for PBXNativeTarget "iosApp" */;
			buildPhases = (
				7555FFB5242A651A00829871 /* ShellScript */,
				7555FF77242A565900829871 /* Sources */,
				7555FF78242A565900829871 /* Frameworks */,
				7555FF79242A565900829871 /* Resources */,
				7555FFB4242A642300829871 /* Embed Frameworks */,
			);
			buildRules = (
			);
			dependencies = (
			);
			name = iosApp;
			productName = iosApp;
			productReference = 7555FF7B242A565900829871 /* iosApp.app */;
			productType = "com.apple.product-type.application";
		};
/* End PBXNativeTarget section */

/* Begin PBXProject section */
		7555FF73242A565900829871 /* Project object */ = {
			isa = PBXProject;
			attributes = {
				LastSwiftUpdateCheck = 1130;
				LastUpgradeCheck = 1130;
				ORGANIZATIONNAME = orgName;
				TargetAttributes = {
					7555FF7A242A565900829871 = {
						CreatedOnToolsVersion = 11.3.1;
					};
				};
			};
			buildConfigurationList = 7555FF76242A565900829871 /* Build configuration list for PBXProject "iosApp" */;
			compatibilityVersion = "Xcode 9.3";
			developmentRegion = en;
			hasScannedForEncodings = 0;
			knownRegions = (
				en,
				Base,
			);
			mainGroup = 7555FF72242A565900829871;
			productRefGroup = 7555FF7C242A565900829871 /* Products */;
			projectDirPath = "";
			projectRoot = "";
			targets = (
				7555FF7A242A565900829871 /* iosApp */,
			);
		};
/* End PBXProject section */

/* Begin PBXResourcesBuildPhase section */
		7555FF79242A565900829871 /* Resources */ = {
			isa = PBXResourcesBuildPhase;
			buildActionMask = 2147483647;
			files = (
				058557D9273AAEEB004C7B11 /* Preview Assets.xcassets in Resources */,
				058557BB273AAA24004C7B11 /* Assets.xcassets in Resources */,
			);
			runOnlyForDeploymentPostprocessing = 0;
		};
/* End PBXResourcesBuildPhase section */

/* Begin PBXShellScriptBuildPhase section */
		7555FFB5242A651A00829871 /* ShellScript */ = {
			isa = PBXShellScriptBuildPhase;
			buildActionMask = 2147483647;
			files = (
			);
			inputFileListPaths = (
			);
			inputPaths = (
			);
			outputFileListPaths = (
			);
			outputPaths = (
			);
			runOnlyForDeploymentPostprocessing = 0;
			shellPath = /bin/sh;
			shellScript = "cd \"$SRCROOT/..\"\n./gradlew :shared:embedAndSignAppleFrameworkForXcode\n";
		};
/* End PBXShellScriptBuildPhase section */

/* Begin PBXSourcesBuildPhase section */
		7555FF77242A565900829871 /* Sources */ = {
			isa = PBXSourcesBuildPhase;
			buildActionMask = 2147483647;
			files = (
				CA30722229A145E90036DA74 /* ShareActivityItemSource.swift in Sources */,
				CA7B765A299FC4B9006B3113 /* WallpaperScreen.swift in Sources */,
				2152FB042600AC8F00CF470E /* iOSApp.swift in Sources */,
				CA307200299FF40A0036DA74 /* BookmarksScreen.swift in Sources */,
				CA7B7656299FC415006B3113 /* WallpaperItem.swift in Sources */,
				7555FF83242A565900829871 /* MainView.swift in Sources */,
				CA307202299FF45B0036DA74 /* CalendarScreen.swift in Sources */,
				CA7B765C299FC6A5006B3113 /* WallpapersViewModel.swift in Sources */,
				CA30721629A1289F0036DA74 /* WallpaperMapper.swift in Sources */,
				CA30720929A00BDF0036DA74 /* WallpaperViewModel.swift in Sources */,
				CA30722529A1705F0036DA74 /* CalendarViewModel.swift in Sources */,
				CA7B765E299FC6C4006B3113 /* BaseViewModel.swift in Sources */,
				CA30720729A00A9F0036DA74 /* BookmarksViewModel.swift in Sources */,
				CA3071FE299FF3D20036DA74 /* StringLocalized.swift in Sources */,
				CA30720E29A0434B0036DA74 /* Tab.swift in Sources */,
				CA7B766A299FC8C8006B3113 /* ViewModelsModule.swift in Sources */,
				CA7B7650299FC361006B3113 /* WallpapersScreen.swift in Sources */,
				CA7B7661299FC74D006B3113 /* WallpaperIdentifiable.swift in Sources */,
				CA30721329A1281D0036DA74 /* Logger.swift in Sources */,
				CADEA82829A1857E00349A61 /* BaseWallpaperViewModel.swift in Sources */,
				CA30720B29A011930036DA74 /* NotificationCenterNames.swift in Sources */,
				CA7B766D299FDCBF006B3113 /* ColorExtension.swift in Sources */,
				CA30722029A145BF0036DA74 /* ShareSheet.swift in Sources */,
				CA307204299FF5270036DA74 /* SettingsScreen.swift in Sources */,
				CA7B7658299FC4A9006B3113 /* WallpaperDetailsView.swift in Sources */,
			);
			runOnlyForDeploymentPostprocessing = 0;
		};
/* End PBXSourcesBuildPhase section */

/* Begin XCBuildConfiguration section */
		7555FFA3242A565B00829871 /* Debug */ = {
			isa = XCBuildConfiguration;
			buildSettings = {
				ALWAYS_SEARCH_USER_PATHS = NO;
				CLANG_ANALYZER_NONNULL = YES;
				CLANG_ANALYZER_NUMBER_OBJECT_CONVERSION = YES_AGGRESSIVE;
				CLANG_CXX_LANGUAGE_STANDARD = "gnu++14";
				CLANG_CXX_LIBRARY = "libc++";
				CLANG_ENABLE_MODULES = YES;
				CLANG_ENABLE_OBJC_ARC = YES;
				CLANG_ENABLE_OBJC_WEAK = YES;
				CLANG_WARN_BLOCK_CAPTURE_AUTORELEASING = YES;
				CLANG_WARN_BOOL_CONVERSION = YES;
				CLANG_WARN_COMMA = YES;
				CLANG_WARN_CONSTANT_CONVERSION = YES;
				CLANG_WARN_DEPRECATED_OBJC_IMPLEMENTATIONS = YES;
				CLANG_WARN_DIRECT_OBJC_ISA_USAGE = YES_ERROR;
				CLANG_WARN_DOCUMENTATION_COMMENTS = YES;
				CLANG_WARN_EMPTY_BODY = YES;
				CLANG_WARN_ENUM_CONVERSION = YES;
				CLANG_WARN_INFINITE_RECURSION = YES;
				CLANG_WARN_INT_CONVERSION = YES;
				CLANG_WARN_NON_LITERAL_NULL_CONVERSION = YES;
				CLANG_WARN_OBJC_IMPLICIT_RETAIN_SELF = YES;
				CLANG_WARN_OBJC_LITERAL_CONVERSION = YES;
				CLANG_WARN_OBJC_ROOT_CLASS = YES_ERROR;
				CLANG_WARN_QUOTED_INCLUDE_IN_FRAMEWORK_HEADER = YES;
				CLANG_WARN_RANGE_LOOP_ANALYSIS = YES;
				CLANG_WARN_STRICT_PROTOTYPES = YES;
				CLANG_WARN_SUSPICIOUS_MOVE = YES;
				CLANG_WARN_UNGUARDED_AVAILABILITY = YES_AGGRESSIVE;
				CLANG_WARN_UNREACHABLE_CODE = YES;
				CLANG_WARN__DUPLICATE_METHOD_MATCH = YES;
				COPY_PHASE_STRIP = NO;
				DEBUG_INFORMATION_FORMAT = "dwarf-with-dsym";
				ENABLE_STRICT_OBJC_MSGSEND = YES;
				ENABLE_TESTABILITY = YES;
				GCC_C_LANGUAGE_STANDARD = gnu11;
				GCC_DYNAMIC_NO_PIC = NO;
				GCC_NO_COMMON_BLOCKS = YES;
				GCC_OPTIMIZATION_LEVEL = 0;
				GCC_PREPROCESSOR_DEFINITIONS = (
					"DEBUG=1",
					"$(inherited)",
				);
				GCC_WARN_64_TO_32_BIT_CONVERSION = YES;
				GCC_WARN_ABOUT_RETURN_TYPE = YES_ERROR;
				GCC_WARN_UNDECLARED_SELECTOR = YES;
				GCC_WARN_UNINITIALIZED_AUTOS = YES_AGGRESSIVE;
				GCC_WARN_UNUSED_FUNCTION = YES;
				GCC_WARN_UNUSED_VARIABLE = YES;
				INFOPLIST_KEY_UISupportsDocumentBrowser = NO;
				IPHONEOS_DEPLOYMENT_TARGET = 14.1;
				MTL_ENABLE_DEBUG_INFO = INCLUDE_SOURCE;
				MTL_FAST_MATH = YES;
				ONLY_ACTIVE_ARCH = YES;
				SDKROOT = iphoneos;
				SWIFT_ACTIVE_COMPILATION_CONDITIONS = DEBUG;
				SWIFT_OPTIMIZATION_LEVEL = "-Onone";
			};
			name = Debug;
		};
		7555FFA4242A565B00829871 /* Release */ = {
			isa = XCBuildConfiguration;
			buildSettings = {
				ALWAYS_SEARCH_USER_PATHS = NO;
				CLANG_ANALYZER_NONNULL = YES;
				CLANG_ANALYZER_NUMBER_OBJECT_CONVERSION = YES_AGGRESSIVE;
				CLANG_CXX_LANGUAGE_STANDARD = "gnu++14";
				CLANG_CXX_LIBRARY = "libc++";
				CLANG_ENABLE_MODULES = YES;
				CLANG_ENABLE_OBJC_ARC = YES;
				CLANG_ENABLE_OBJC_WEAK = YES;
				CLANG_WARN_BLOCK_CAPTURE_AUTORELEASING = YES;
				CLANG_WARN_BOOL_CONVERSION = YES;
				CLANG_WARN_COMMA = YES;
				CLANG_WARN_CONSTANT_CONVERSION = YES;
				CLANG_WARN_DEPRECATED_OBJC_IMPLEMENTATIONS = YES;
				CLANG_WARN_DIRECT_OBJC_ISA_USAGE = YES_ERROR;
				CLANG_WARN_DOCUMENTATION_COMMENTS = YES;
				CLANG_WARN_EMPTY_BODY = YES;
				CLANG_WARN_ENUM_CONVERSION = YES;
				CLANG_WARN_INFINITE_RECURSION = YES;
				CLANG_WARN_INT_CONVERSION = YES;
				CLANG_WARN_NON_LITERAL_NULL_CONVERSION = YES;
				CLANG_WARN_OBJC_IMPLICIT_RETAIN_SELF = YES;
				CLANG_WARN_OBJC_LITERAL_CONVERSION = YES;
				CLANG_WARN_OBJC_ROOT_CLASS = YES_ERROR;
				CLANG_WARN_QUOTED_INCLUDE_IN_FRAMEWORK_HEADER = YES;
				CLANG_WARN_RANGE_LOOP_ANALYSIS = YES;
				CLANG_WARN_STRICT_PROTOTYPES = YES;
				CLANG_WARN_SUSPICIOUS_MOVE = YES;
				CLANG_WARN_UNGUARDED_AVAILABILITY = YES_AGGRESSIVE;
				CLANG_WARN_UNREACHABLE_CODE = YES;
				CLANG_WARN__DUPLICATE_METHOD_MATCH = YES;
				COPY_PHASE_STRIP = NO;
				DEBUG_INFORMATION_FORMAT = "dwarf-with-dsym";
				ENABLE_NS_ASSERTIONS = NO;
				ENABLE_STRICT_OBJC_MSGSEND = YES;
				GCC_C_LANGUAGE_STANDARD = gnu11;
				GCC_NO_COMMON_BLOCKS = YES;
				GCC_WARN_64_TO_32_BIT_CONVERSION = YES;
				GCC_WARN_ABOUT_RETURN_TYPE = YES_ERROR;
				GCC_WARN_UNDECLARED_SELECTOR = YES;
				GCC_WARN_UNINITIALIZED_AUTOS = YES_AGGRESSIVE;
				GCC_WARN_UNUSED_FUNCTION = YES;
				GCC_WARN_UNUSED_VARIABLE = YES;
				INFOPLIST_KEY_UISupportsDocumentBrowser = NO;
				IPHONEOS_DEPLOYMENT_TARGET = 14.1;
				MTL_ENABLE_DEBUG_INFO = NO;
				MTL_FAST_MATH = YES;
				SDKROOT = iphoneos;
				SWIFT_COMPILATION_MODE = wholemodule;
				SWIFT_OPTIMIZATION_LEVEL = "-O";
				VALIDATE_PRODUCT = YES;
			};
			name = Release;
		};
		7555FFA6242A565B00829871 /* Debug */ = {
			isa = XCBuildConfiguration;
			buildSettings = {
				ASSETCATALOG_COMPILER_APPICON_NAME = AppIcon;
				CODE_SIGN_STYLE = Automatic;
				DEVELOPMENT_ASSET_PATHS = "\"iosApp/Preview Content\"";
				DEVELOPMENT_TEAM = UPKGC7JB4J;
				ENABLE_PREVIEWS = YES;
				FRAMEWORK_SEARCH_PATHS = (
					"$(inherited)",
					"$(SRCROOT)/../shared/build/xcode-frameworks/$(CONFIGURATION)/$(SDK_NAME)",
				);
				INFOPLIST_FILE = iosApp/Info.plist;
				INFOPLIST_KEY_CFBundleDisplayName = "NASA Wallpapers";
				INFOPLIST_KEY_UISupportsDocumentBrowser = NO;
				IPHONEOS_DEPLOYMENT_TARGET = 15.0;
				LD_RUNPATH_SEARCH_PATHS = (
					"$(inherited)",
					"@executable_path/Frameworks",
				);
				OTHER_LDFLAGS = (
					"$(inherited)",
					"-framework",
					shared,
				);
				PRODUCT_BUNDLE_IDENTIFIER = com.mdgroup.nasawallpapers;
				PRODUCT_NAME = "$(TARGET_NAME)";
				SWIFT_VERSION = 5.0;
				TARGETED_DEVICE_FAMILY = "1,2";
			};
			name = Debug;
		};
		7555FFA7242A565B00829871 /* Release */ = {
			isa = XCBuildConfiguration;
			buildSettings = {
				ASSETCATALOG_COMPILER_APPICON_NAME = AppIcon;
				CODE_SIGN_STYLE = Automatic;
				DEVELOPMENT_ASSET_PATHS = "\"iosApp/Preview Content\"";
				DEVELOPMENT_TEAM = UPKGC7JB4J;
				ENABLE_PREVIEWS = YES;
				FRAMEWORK_SEARCH_PATHS = (
					"$(inherited)",
					"$(SRCROOT)/../shared/build/xcode-frameworks/$(CONFIGURATION)/$(SDK_NAME)",
				);
				INFOPLIST_FILE = iosApp/Info.plist;
				INFOPLIST_KEY_CFBundleDisplayName = "NASA Wallpapers";
				INFOPLIST_KEY_UISupportsDocumentBrowser = NO;
				IPHONEOS_DEPLOYMENT_TARGET = 15.0;
				LD_RUNPATH_SEARCH_PATHS = (
					"$(inherited)",
					"@executable_path/Frameworks",
				);
				OTHER_LDFLAGS = (
					"$(inherited)",
					"-framework",
					shared,
				);
				PRODUCT_BUNDLE_IDENTIFIER = com.mdgroup.nasawallpapers;
				PRODUCT_NAME = "$(TARGET_NAME)";
				SWIFT_VERSION = 5.0;
				TARGETED_DEVICE_FAMILY = "1,2";
			};
			name = Release;
		};
/* End XCBuildConfiguration section */

/* Begin XCConfigurationList section */
		7555FF76242A565900829871 /* Build configuration list for PBXProject "iosApp" */ = {
			isa = XCConfigurationList;
			buildConfigurations = (
				7555FFA3242A565B00829871 /* Debug */,
				7555FFA4242A565B00829871 /* Release */,
			);
			defaultConfigurationIsVisible = 0;
			defaultConfigurationName = Release;
		};
		7555FFA5242A565B00829871 /* Build configuration list for PBXNativeTarget "iosApp" */ = {
			isa = XCConfigurationList;
			buildConfigurations = (
				7555FFA6242A565B00829871 /* Debug */,
				7555FFA7242A565B00829871 /* Release */,
			);
			defaultConfigurationIsVisible = 0;
			defaultConfigurationName = Release;
		};
/* End XCConfigurationList section */
	};
	rootObject = 7555FF73242A565900829871 /* Project object */;
}
